{
  "name": "pdf-merger",
  "lockfileVersion": 2,
  "requires": true,
  "packages": {
    "": {
      "dependencies": {
        "pdf-lib": "^1.17.1",
        "pdf-merge": "^1.2.0"
      }
    },
    "node_modules/@pdf-lib/standard-fonts": {
      "version": "1.0.0",
      "resolved": "https://registry.npmjs.org/@pdf-lib/standard-fonts/-/standard-fonts-1.0.0.tgz",
      "integrity": "sha512-hU30BK9IUN/su0Mn9VdlVKsWBS6GyhVfqjwl1FjZN4TxP6cCw0jP2w7V3Hf5uX7M0AZJ16vey9yE0ny7Sa59ZA==",
      "dependencies": {
        "pako": "^1.0.6"
      }
    },
    "node_modules/@pdf-lib/upng": {
      "version": "1.0.1",
      "resolved": "https://registry.npmjs.org/@pdf-lib/upng/-/upng-1.0.1.tgz",
      "integrity": "sha512-dQK2FUMQtowVP00mtIksrlZhdFXQZPC+taih1q4CvPZ5vqdxR/LKBaFg0oAfzd1GlHZXXSPdQfzQnt+ViGvEIQ==",
      "dependencies": {
        "pako": "^1.0.10"
      }
    },
    "node_modules/bluebird": {
      "version": "3.7.2",
      "resolved": "https://registry.npmjs.org/bluebird/-/bluebird-3.7.2.tgz",
      "integrity": "sha512-XpNj6GDQzdfW+r2Wnn7xiSAd7TM3jzkxGXBGTtWKuSXv1xUV+azxAm8jdWZN06QTQk+2N2XB9jRDkvbmQmcRtg=="
    },
    "node_modules/os-tmpdir": {
      "version": "1.0.2",
      "resolved": "https://registry.npmjs.org/os-tmpdir/-/os-tmpdir-1.0.2.tgz",
      "integrity": "sha512-D2FR03Vir7FIu45XBY20mTb+/ZSWB00sjU9jdQXt83gDrI4Ztz5Fs7/yy74g2N5SVQY4xY1qDr4rNddwYRVX0g==",
      "engines": {
        "node": ">=0.10.0"
      }
    },
    "node_modules/pako": {
      "version": "1.0.11",
      "resolved": "https://registry.npmjs.org/pako/-/pako-1.0.11.tgz",
      "integrity": "sha512-4hLB8Py4zZce5s4yd9XzopqwVv/yGNhV1Bl8NTmCq1763HeK2+EwVTv+leGeL13Dnh2wfbqowVPXCIO0z4taYw=="
    },
    "node_modules/pdf-lib": {
      "version": "1.17.1",
      "resolved": "https://registry.npmjs.org/pdf-lib/-/pdf-lib-1.17.1.tgz",
      "integrity": "sha512-V/mpyJAoTsN4cnP31vc0wfNA1+p20evqqnap0KLoRUN0Yk/p3wN52DOEsL4oBFcLdb76hlpKPtzJIgo67j/XLw==",
      "dependencies": {
        "@pdf-lib/standard-fonts": "^1.0.0",
        "@pdf-lib/upng": "^1.0.1",
        "pako": "^1.0.11",
        "tslib": "^1.11.1"
      }
    },
    "node_modules/pdf-merge": {
      "version": "1.2.0",
      "resolved": "https://registry.npmjs.org/pdf-merge/-/pdf-merge-1.2.0.tgz",
      "integrity": "sha512-/2QygIR3Q/p0SxUhj64LvUzYFVzFL8DQGV8GOpG3I44uXwSTiMS7tAd3dHvxLrnGYLzom2IPdlhnxqLyOC41VQ==",
      "dependencies": {
        "bluebird": "^3.5.1",
        "shell-escape": "^0.2.0",
        "tmp": "0.0.33"
      },
      "engines": {
        "node": ">=4.0.0"
      }
    },
    "node_modules/shell-escape": {
      "version": "0.2.0",
      "resolved": "https://registry.npmjs.org/shell-escape/-/shell-escape-0.2.0.tgz",
      "integrity": "sha512-uRRBT2MfEOyxuECseCZd28jC1AJ8hmqqneWQ4VWUTgCAFvb3wKU1jLqj6egC4Exrr88ogg3dp+zroH4wJuaXzw=="
    },
    "node_modules/tmp": {
      "version": "0.0.33",
      "resolved": "https://registry.npmjs.org/tmp/-/tmp-0.0.33.tgz",
      "integrity": "sha512-jRCJlojKnZ3addtTOjdIqoRuPEKBvNXcGYqzO6zWZX8KfKEpnGY5jfggJQ3EjKuu8D4bJRr0y+cYJFmYbImXGw==",
      "dependencies": {
        "os-tmpdir": "~1.0.2"
      },
      "engines": {
        "node": ">=0.6.0"
      }
    },
    "node_modules/tslib": {
      "version": "1.14.1",
      "resolved": "https://registry.npmjs.org/tslib/-/tslib-1.14.1.tgz",
      "integrity": "sha512-Xni35NKzjgMrwevysHTCArtLDpPvye8zV/0E4EyYn43P7/7qvQwPh9BGkHewbMulVntbigmcT7rdX3BNo9wRJg=="
    }
  },
  "dependencies": {
    "@pdf-lib/standard-fonts": {
      "version": "1.0.0",
      "resolved": "https://registry.npmjs.org/@pdf-lib/standard-fonts/-/standard-fonts-1.0.0.tgz",
      "integrity": "sha512-hU30BK9IUN/su0Mn9VdlVKsWBS6GyhVfqjwl1FjZN4TxP6cCw0jP2w7V3Hf5uX7M0AZJ16vey9yE0ny7Sa59ZA==",
      "requires": {
        "pako": "^1.0.6"
      }
    },
    "@pdf-lib/upng": {
      "version": "1.0.1",
      "resolved": "https://registry.npmjs.org/@pdf-lib/upng/-/upng-1.0.1.tgz",
      "integrity": "sha512-dQK2FUMQtowVP00mtIksrlZhdFXQZPC+taih1q4CvPZ5vqdxR/LKBaFg0oAfzd1GlHZXXSPdQfzQnt+ViGvEIQ==",
      "requires": {
        "pako": "^1.0.10"
      }
    },
    "bluebird": {
      "version": "3.7.2",
      "resolved": "https://registry.npmjs.org/bluebird/-/bluebird-3.7.2.tgz",
      "integrity": "sha512-XpNj6GDQzdfW+r2Wnn7xiSAd7TM3jzkxGXBGTtWKuSXv1xUV+azxAm8jdWZN06QTQk+2N2XB9jRDkvbmQmcRtg=="
    },
    "os-tmpdir": {
      "version": "1.0.2",
      "resolved": "https://registry.npmjs.org/os-tmpdir/-/os-tmpdir-1.0.2.tgz",
      "integrity": "sha512-D2FR03Vir7FIu45XBY20mTb+/ZSWB00sjU9jdQXt83gDrI4Ztz5Fs7/yy74g2N5SVQY4xY1qDr4rNddwYRVX0g=="
    },
    "pako": {
      "version": "1.0.11",
      "resolved": "https://registry.npmjs.org/pako/-/pako-1.0.11.tgz",
      "integrity": "sha512-4hLB8Py4zZce5s4yd9XzopqwVv/yGNhV1Bl8NTmCq1763HeK2+EwVTv+leGeL13Dnh2wfbqowVPXCIO0z4taYw=="
    },
    "pdf-lib": {
      "version": "1.17.1",
      "resolved": "https://registry.npmjs.org/pdf-lib/-/pdf-lib-1.17.1.tgz",
      "integrity": "sha512-V/mpyJAoTsN4cnP31vc0wfNA1+p20evqqnap0KLoRUN0Yk/p3wN52DOEsL4oBFcLdb76hlpKPtzJIgo67j/XLw==",
      "requires": {
        "@pdf-lib/standard-fonts": "^1.0.0",
        "@pdf-lib/upng": "^1.0.1",
        "pako": "^1.0.11",
        "tslib": "^1.11.1"
      }
    },
    "pdf-merge": {
      "version": "1.2.0",
      "resolved": "https://registry.npmjs.org/pdf-merge/-/pdf-merge-1.2.0.tgz",
      "integrity": "sha512-/2QygIR3Q/p0SxUhj64LvUzYFVzFL8DQGV8GOpG3I44uXwSTiMS7tAd3dHvxLrnGYLzom2IPdlhnxqLyOC41VQ==",
      "requires": {
        "bluebird": "^3.5.1",
        "shell-escape": "^0.2.0",
        "tmp": "0.0.33"
      }
    },
    "shell-escape": {
      "version": "0.2.0",
      "resolved": "https://registry.npmjs.org/shell-escape/-/shell-escape-0.2.0.tgz",
      "integrity": "sha512-uRRBT2MfEOyxuECseCZd28jC1AJ8hmqqneWQ4VWUTgCAFvb3wKU1jLqj6egC4Exrr88ogg3dp+zroH4wJuaXzw=="
    },
    "tmp": {
      "version": "0.0.33",
      "resolved": "https://registry.npmjs.org/tmp/-/tmp-0.0.33.tgz",
      "integrity": "sha512-jRCJlojKnZ3addtTOjdIqoRuPEKBvNXcGYqzO6zWZX8KfKEpnGY5jfggJQ3EjKuu8D4bJRr0y+cYJFmYbImXGw==",
      "requires": {
        "os-tmpdir": "~1.0.2"
      }
    },
    "tslib": {
      "version": "1.14.1",
      "resolved": "https://registry.npmjs.org/tslib/-/tslib-1.14.1.tgz",
      "integrity": "sha512-Xni35NKzjgMrwevysHTCArtLDpPvye8zV/0E4EyYn43P7/7qvQwPh9BGkHewbMulVntbigmcT7rdX3BNo9wRJg=="
    }
  }
}
